
Microsoft Visual Studio Solution File, Format Version 12.00
# Visual Studio 15
VisualStudioVersion = 15.0.28307.902
MinimumVisualStudioVersion = 10.0.40219.1
Project("{FAE04EC0-301F-11D3-BF4B-00C04F79EFBC}") = "WebApp", "WebApplication2\WebApp.csproj", "{0FEBDD7D-906B-4F22-9584-3F4837FEE00B}"
EndProject
Global
	GlobalSection(SolutionConfigurationPlatforms) = preSolution
		Debug|Any CPU = Debug|Any CPU
		Release|Any CPU = Release|Any CPU
	EndGlobalSection
	GlobalSection(ProjectConfigurationPlatforms) = postSolution
		{0FEBDD7D-906B-4F22-9584-3F4837FEE00B}.Debug|Any CPU.ActiveCfg = Debug|Any CPU
		{0FEBDD7D-906B-4F22-9584-3F4837FEE00B}.Debug|Any CPU.Build.0 = Debug|Any CPU
		{0FEBDD7D-906B-4F22-9584-3F4837FEE00B}.Release|Any CPU.ActiveCfg = Release|Any CPU
		{0FEBDD7D-906B-4F22-9584-3F4837FEE00B}.Release|Any CPU.Build.0 = Release|Any CPU
	EndGlobalSection
	GlobalSection(SolutionProperties) = preSolution
		HideSolutionNode = FALSE
	EndGlobalSection
	GlobalSection(ExtensibilityGlobals) = postSolution
		SolutionGuid = {2562C72C-258E-4AA0-A59F-6559EBE4C402}
	EndGlobalSection
EndGlobal
